{
    "name": "romanize-string",
    "version": "0.1.0",
    "lockfileVersion": 3,
    "requires": true,
    "packages": {
        "": {
            "name": "romanize-string",
            "version": "0.1.0",
            "license": "ISC",
            "dependencies": {
                "@indic-transliteration/sanscript": "^1.3.1",
                "@romanize/korean": "^0.1.3",
                "arabic-transliterate": "^1.0.1",
                "cantonese-romanisation": "^1.0.7",
                "cyrillic-to-translit-js": "^3.2.1",
                "kuroshiro": "^1.2.0",
                "kuroshiro-analyzer-kuromoji": "^1.1.0",
                "oktjs": "^0.1.3",
                "pinyin-pro": "^3.26.0",
                "tnthai": "^1.0.4",
                "typescript": "^5.8.3"
            },
            "devDependencies": {
                "@types/node": "^22.15.33"
            }
        },
        "node_modules/@babel/runtime": {
            "version": "7.27.6",
            "resolved": "https://registry.npmjs.org/@babel/runtime/-/runtime-7.27.6.tgz",
            "integrity": "sha512-vbavdySgbTTrmFE+EsiqUTzlOr5bzlnJtUv9PynGCAKvfQqjIXbvFdumPM/GxMDfyuGMJaJAU6TO4zc1Jf1i8Q==",
            "license": "MIT",
            "engines": {
                "node": ">=6.9.0"
            }
        },
        "node_modules/@indic-transliteration/common_maps": {
            "version": "1.0.5",
            "resolved": "https://registry.npmjs.org/@indic-transliteration/common_maps/-/common_maps-1.0.5.tgz",
            "integrity": "sha512-XbWDA5AXGE+Nh4uGr/yN9ZM8avRBy4F1KQL+DLgQGOdsQ390lcW4fga0NSjg4C/rOpMd0rHZv2YFV3Bq3UbpkQ==",
            "license": "MIT"
        },
        "node_modules/@indic-transliteration/sanscript": {
            "version": "1.3.1",
            "resolved": "https://registry.npmjs.org/@indic-transliteration/sanscript/-/sanscript-1.3.1.tgz",
            "integrity": "sha512-LDlQ/+VT1oBIxUUb23SkXkDvjwaJ/hdrTIexaYJcbi1dPe6R3Gp1XScEhlWfWUGPGPEOwrBwhqDOn7uCyEqWhg==",
            "license": "MIT",
            "dependencies": {
                "@indic-transliteration/common_maps": "^1.0.2",
                "toml": "^2.3.6"
            }
        },
        "node_modules/@romanize/korean": {
            "version": "0.1.3",
            "resolved": "https://registry.npmjs.org/@romanize/korean/-/korean-0.1.3.tgz",
            "integrity": "sha512-Bfxze35S7ktKqm7ge78x3v7OW/TrbPV0gcvrHuTXUeeID7mGiWWUIH/fOS9lO25N1LY+n1S9xsixtxT9KggEYg==",
            "license": "MIT"
        },
        "node_modules/@types/node": {
            "version": "22.15.33",
            "resolved": "https://registry.npmjs.org/@types/node/-/node-22.15.33.tgz",
            "integrity": "sha512-wzoocdnnpSxZ+6CjW4ADCK1jVmd1S/J3ArNWfn8FDDQtRm8dkDg7TA+mvek2wNrfCgwuZxqEOiB9B1XCJ6+dbw==",
            "dev": true,
            "license": "MIT",
            "dependencies": {
                "undici-types": "~6.21.0"
            }
        },
        "node_modules/arabic-transliterate": {
            "version": "1.0.1",
            "resolved": "https://registry.npmjs.org/arabic-transliterate/-/arabic-transliterate-1.0.1.tgz",
            "integrity": "sha512-8OQm5HQazZ8Ifp4MiZ2J3WmpCAzXHi+rVYk4dUDYs1iYeLbiiMJ2ksLAzKLTJ19rw7I5yRQjP99A5wpVhCKTZw==",
            "license": "ISC"
        },
        "node_modules/assert": {
            "version": "1.5.1",
            "resolved": "https://registry.npmjs.org/assert/-/assert-1.5.1.tgz",
            "integrity": "sha512-zzw1uCAgLbsKwBfFc8CX78DDg+xZeBksSO3vwVIDDN5i94eOrPsSSyiVhmsSABFDM/OcpE2aagCat9dnWQLG1A==",
            "license": "MIT",
            "dependencies": {
                "object.assign": "^4.1.4",
                "util": "^0.10.4"
            }
        },
        "node_modules/async": {
            "version": "2.6.4",
            "resolved": "https://registry.npmjs.org/async/-/async-2.6.4.tgz",
            "integrity": "sha512-mzo5dfJYwAn29PeiJ0zvwTo04zj8HDJj0Mn8TD7sno7q12prdbnasKJHhkm2c1LgrhlJ0teaea8860oxi51mGA==",
            "license": "MIT",
            "dependencies": {
                "lodash": "^4.17.14"
            }
        },
        "node_modules/call-bind": {
            "version": "1.0.8",
            "resolved": "https://registry.npmjs.org/call-bind/-/call-bind-1.0.8.tgz",
            "integrity": "sha512-oKlSFMcMwpUg2ednkhQ454wfWiU/ul3CkJe/PEHcTKuiX6RpbehUiFMXu13HalGZxfUwCQzZG747YXBn1im9ww==",
            "license": "MIT",
            "dependencies": {
                "call-bind-apply-helpers": "^1.0.0",
                "es-define-property": "^1.0.0",
                "get-intrinsic": "^1.2.4",
                "set-function-length": "^1.2.2"
            },
            "engines": {
                "node": ">= 0.4"
            },
            "funding": {
                "url": "https://github.com/sponsors/ljharb"
            }
        },
        "node_modules/call-bind-apply-helpers": {
            "version": "1.0.2",
            "resolved": "https://registry.npmjs.org/call-bind-apply-helpers/-/call-bind-apply-helpers-1.0.2.tgz",
            "integrity": "sha512-Sp1ablJ0ivDkSzjcaJdxEunN5/XvksFJ2sMBFfq6x0ryhQV/2b/KwFe21cMpmHtPOSij8K99/wSfoEuTObmuMQ==",
            "license": "MIT",
            "dependencies": {
                "es-errors": "^1.3.0",
                "function-bind": "^1.1.2"
            },
            "engines": {
                "node": ">= 0.4"
            }
        },
        "node_modules/call-bound": {
            "version": "1.0.4",
            "resolved": "https://registry.npmjs.org/call-bound/-/call-bound-1.0.4.tgz",
            "integrity": "sha512-+ys997U96po4Kx/ABpBCqhA9EuxJaQWDQg7295H4hBphv3IZg0boBKuwYpt4YXp6MZ5AmZQnU/tyMTlRpaSejg==",
            "license": "MIT",
            "dependencies": {
                "call-bind-apply-helpers": "^1.0.2",
                "get-intrinsic": "^1.3.0"
            },
            "engines": {
                "node": ">= 0.4"
            },
            "funding": {
                "url": "https://github.com/sponsors/ljharb"
            }
        },
        "node_modules/cantonese-romanisation": {
            "version": "1.0.7",
            "resolved": "https://registry.npmjs.org/cantonese-romanisation/-/cantonese-romanisation-1.0.7.tgz",
            "integrity": "sha512-1uh6HuI1ILR983S3+OBdZeQEkvbCFdfcbHOYyykU39QkP2Qh6A/d2xX428HkLMUPk06VKbB+NfCR0C6rzAa2Xw==",
            "license": "MIT"
        },
        "node_modules/cyrillic-to-translit-js": {
            "version": "3.2.1",
            "resolved": "https://registry.npmjs.org/cyrillic-to-translit-js/-/cyrillic-to-translit-js-3.2.1.tgz",
            "integrity": "sha512-HFO+fx4t9J6bfeV5DUKmkzav15ktg+6LDjODj6+CRzrFil8YuzR6wRQiDI7OxwY5q4alCEP+sNEjhdQ65TIDzw==",
            "license": "MIT",
            "dependencies": {
                "lodash.invert": "^4.3.0"
            }
        },
        "node_modules/define-data-property": {
            "version": "1.1.4",
            "resolved": "https://registry.npmjs.org/define-data-property/-/define-data-property-1.1.4.tgz",
            "integrity": "sha512-rBMvIzlpA8v6E+SJZoo++HAYqsLrkg7MSfIinMPFhmkorw7X+dOXVJQs+QT69zGkzMyfDnIMN2Wid1+NbL3T+A==",
            "license": "MIT",
            "dependencies": {
                "es-define-property": "^1.0.0",
                "es-errors": "^1.3.0",
                "gopd": "^1.0.1"
            },
            "engines": {
                "node": ">= 0.4"
            },
            "funding": {
                "url": "https://github.com/sponsors/ljharb"
            }
        },
        "node_modules/define-properties": {
            "version": "1.2.1",
            "resolved": "https://registry.npmjs.org/define-properties/-/define-properties-1.2.1.tgz",
            "integrity": "sha512-8QmQKqEASLd5nx0U1B1okLElbUuuttJ/AnYmRXbbbGDWh6uS208EjD4Xqq/I9wK7u0v6O08XhTWnt5XtEbR6Dg==",
            "license": "MIT",
            "dependencies": {
                "define-data-property": "^1.0.1",
                "has-property-descriptors": "^1.0.0",
                "object-keys": "^1.1.1"
            },
            "engines": {
                "node": ">= 0.4"
            },
            "funding": {
                "url": "https://github.com/sponsors/ljharb"
            }
        },
        "node_modules/doublearray": {
            "version": "0.0.2",
            "resolved": "https://registry.npmjs.org/doublearray/-/doublearray-0.0.2.tgz",
            "integrity": "sha512-aw55FtZzT6AmiamEj2kvmR6BuFqvYgKZUkfQ7teqVRNqD5UE0rw8IeW/3gieHNKQ5sPuDKlljWEn4bzv5+1bHw==",
            "license": "MIT"
        },
        "node_modules/dunder-proto": {
            "version": "1.0.1",
            "resolved": "https://registry.npmjs.org/dunder-proto/-/dunder-proto-1.0.1.tgz",
            "integrity": "sha512-KIN/nDJBQRcXw0MLVhZE9iQHmG68qAVIBg9CqmUYjmQIhgij9U5MFvrqkUL5FbtyyzZuOeOt0zdeRe4UY7ct+A==",
            "license": "MIT",
            "dependencies": {
                "call-bind-apply-helpers": "^1.0.1",
                "es-errors": "^1.3.0",
                "gopd": "^1.2.0"
            },
            "engines": {
                "node": ">= 0.4"
            }
        },
        "node_modules/es-define-property": {
            "version": "1.0.1",
            "resolved": "https://registry.npmjs.org/es-define-property/-/es-define-property-1.0.1.tgz",
            "integrity": "sha512-e3nRfgfUZ4rNGL232gUgX06QNyyez04KdjFrF+LTRoOXmrOgFKDg4BCdsjW8EnT69eqdYGmRpJwiPVYNrCaW3g==",
            "license": "MIT",
            "engines": {
                "node": ">= 0.4"
            }
        },
        "node_modules/es-errors": {
            "version": "1.3.0",
            "resolved": "https://registry.npmjs.org/es-errors/-/es-errors-1.3.0.tgz",
            "integrity": "sha512-Zf5H2Kxt2xjTvbJvP2ZWLEICxA6j+hAmMzIlypy4xcBg1vKVnx89Wy0GbS+kf5cwCVFFzdCFh2XSCFNULS6csw==",
            "license": "MIT",
            "engines": {
                "node": ">= 0.4"
            }
        },
        "node_modules/es-object-atoms": {
            "version": "1.1.1",
            "resolved": "https://registry.npmjs.org/es-object-atoms/-/es-object-atoms-1.1.1.tgz",
            "integrity": "sha512-FGgH2h8zKNim9ljj7dankFPcICIK9Cp5bm+c2gQSYePhpaG5+esrLODihIorn+Pe6FGJzWhXQotPv73jTaldXA==",
            "license": "MIT",
            "dependencies": {
                "es-errors": "^1.3.0"
            },
            "engines": {
                "node": ">= 0.4"
            }
        },
        "node_modules/fs": {
            "version": "0.0.1-security",
            "resolved": "https://registry.npmjs.org/fs/-/fs-0.0.1-security.tgz",
            "integrity": "sha512-3XY9e1pP0CVEUCdj5BmfIZxRBTSDycnbqhIOGec9QYtmVH2fbLpj86CFWkrNOkt/Fvty4KZG5lTglL9j/gJ87w==",
            "license": "ISC"
        },
        "node_modules/function-bind": {
            "version": "1.1.2",
            "resolved": "https://registry.npmjs.org/function-bind/-/function-bind-1.1.2.tgz",
            "integrity": "sha512-7XHNxH7qX9xG5mIwxkhumTox/MIRNcOgDrxWsMt2pAr23WHp6MrRlN7FBSFpCpr+oVO0F744iUgR82nJMfG2SA==",
            "license": "MIT",
            "funding": {
                "url": "https://github.com/sponsors/ljharb"
            }
        },
        "node_modules/get-intrinsic": {
            "version": "1.3.0",
            "resolved": "https://registry.npmjs.org/get-intrinsic/-/get-intrinsic-1.3.0.tgz",
            "integrity": "sha512-9fSjSaos/fRIVIp+xSJlE6lfwhES7LNtKaCBIamHsjr2na1BiABJPo0mOjjz8GJDURarmCPGqaiVg5mfjb98CQ==",
            "license": "MIT",
            "dependencies": {
                "call-bind-apply-helpers": "^1.0.2",
                "es-define-property": "^1.0.1",
                "es-errors": "^1.3.0",
                "es-object-atoms": "^1.1.1",
                "function-bind": "^1.1.2",
                "get-proto": "^1.0.1",
                "gopd": "^1.2.0",
                "has-symbols": "^1.1.0",
                "hasown": "^2.0.2",
                "math-intrinsics": "^1.1.0"
            },
            "engines": {
                "node": ">= 0.4"
            },
            "funding": {
                "url": "https://github.com/sponsors/ljharb"
            }
        },
        "node_modules/get-proto": {
            "version": "1.0.1",
            "resolved": "https://registry.npmjs.org/get-proto/-/get-proto-1.0.1.tgz",
            "integrity": "sha512-sTSfBjoXBp89JvIKIefqw7U2CCebsc74kiY6awiGogKtoSGbgjYE/G/+l9sF3MWFPNc9IcoOC4ODfKHfxFmp0g==",
            "license": "MIT",
            "dependencies": {
                "dunder-proto": "^1.0.1",
                "es-object-atoms": "^1.0.0"
            },
            "engines": {
                "node": ">= 0.4"
            }
        },
        "node_modules/gopd": {
            "version": "1.2.0",
            "resolved": "https://registry.npmjs.org/gopd/-/gopd-1.2.0.tgz",
            "integrity": "sha512-ZUKRh6/kUFoAiTAtTYPZJ3hw9wNxx+BIBOijnlG9PnrJsCcSjs1wyyD6vJpaYtgnzDrKYRSqf3OO6Rfa93xsRg==",
            "license": "MIT",
            "engines": {
                "node": ">= 0.4"
            },
            "funding": {
                "url": "https://github.com/sponsors/ljharb"
            }
        },
        "node_modules/has-property-descriptors": {
            "version": "1.0.2",
            "resolved": "https://registry.npmjs.org/has-property-descriptors/-/has-property-descriptors-1.0.2.tgz",
            "integrity": "sha512-55JNKuIW+vq4Ke1BjOTjM2YctQIvCT7GFzHwmfZPGo5wnrgkid0YQtnAleFSqumZm4az3n2BS+erby5ipJdgrg==",
            "license": "MIT",
            "dependencies": {
                "es-define-property": "^1.0.0"
            },
            "funding": {
                "url": "https://github.com/sponsors/ljharb"
            }
        },
        "node_modules/has-symbols": {
            "version": "1.1.0",
            "resolved": "https://registry.npmjs.org/has-symbols/-/has-symbols-1.1.0.tgz",
            "integrity": "sha512-1cDNdwJ2Jaohmb3sg4OmKaMBwuC48sYni5HUw2DvsC8LjGTLK9h+eb1X6RyuOHe4hT0ULCW68iomhjUoKUqlPQ==",
            "license": "MIT",
            "engines": {
                "node": ">= 0.4"
            },
            "funding": {
                "url": "https://github.com/sponsors/ljharb"
            }
        },
        "node_modules/hasown": {
            "version": "2.0.2",
            "resolved": "https://registry.npmjs.org/hasown/-/hasown-2.0.2.tgz",
            "integrity": "sha512-0hJU9SCPvmMzIBdZFqNPXWa6dqh7WdH0cII9y+CyS8rG3nL48Bclra9HmKhVVUHyPWNH5Y7xDwAB7bfgSjkUMQ==",
            "license": "MIT",
            "dependencies": {
                "function-bind": "^1.1.2"
            },
            "engines": {
                "node": ">= 0.4"
            }
        },
        "node_modules/inherits": {
            "version": "2.0.3",
            "resolved": "https://registry.npmjs.org/inherits/-/inherits-2.0.3.tgz",
            "integrity": "sha512-x00IRNXNy63jwGkJmzPigoySHbaqpNuzKbBOmzK+g2OdZpQ9w+sxCN+VSB3ja7IAge2OP2qpfxTjeNcyjmW1uw==",
            "license": "ISC"
        },
        "node_modules/javascript-stringify": {
            "version": "1.6.0",
            "resolved": "https://registry.npmjs.org/javascript-stringify/-/javascript-stringify-1.6.0.tgz",
            "integrity": "sha512-fnjC0up+0SjEJtgmmG+teeel68kutkvzfctO/KxE3qJlbunkJYAshgH3boU++gSBHP8z5/r0ts0qRIrHf0RTQQ==",
            "license": "MIT"
        },
        "node_modules/kuromoji": {
            "version": "0.1.2",
            "resolved": "https://registry.npmjs.org/kuromoji/-/kuromoji-0.1.2.tgz",
            "integrity": "sha512-V0dUf+C2LpcPEXhoHLMAop/bOht16Dyr+mDiIE39yX3vqau7p80De/koFqpiTcL1zzdZlc3xuHZ8u5gjYRfFaQ==",
            "license": "Apache-2.0",
            "dependencies": {
                "async": "^2.0.1",
                "doublearray": "0.0.2",
                "zlibjs": "^0.3.1"
            }
        },
        "node_modules/kuroshiro": {
            "version": "1.2.0",
            "resolved": "https://registry.npmjs.org/kuroshiro/-/kuroshiro-1.2.0.tgz",
            "integrity": "sha512-yBGCK9oDOY3LGZ/KXaN9m7ADcAuSczOR2FoMRYwHLUlis3/o/uxdMVROAjENFO0NQJgALhIdWxI/vIBVrMCk9w==",
            "license": "MIT",
            "dependencies": {
                "@babel/runtime": "^7.14.0"
            },
            "engines": {
                "node": ">=6.5.0"
            }
        },
        "node_modules/kuroshiro-analyzer-kuromoji": {
            "version": "1.1.0",
            "resolved": "https://registry.npmjs.org/kuroshiro-analyzer-kuromoji/-/kuroshiro-analyzer-kuromoji-1.1.0.tgz",
            "integrity": "sha512-BSJFhpsQdPwfFLfjKxfLA9iL+/PC6LCR9vgwgb5Jc7jZwk9ilX8SAV6CwhAQZY611tiuhbB52ONYKDO8hgY1bA==",
            "license": "MIT",
            "dependencies": {
                "kuromoji": "^0.1.1"
            }
        },
        "node_modules/lodash": {
            "version": "4.17.21",
            "resolved": "https://registry.npmjs.org/lodash/-/lodash-4.17.21.tgz",
            "integrity": "sha512-v2kDEe57lecTulaDIuNTPy3Ry4gLGJ6Z1O3vE1krgXZNrsQ+LFTGHVxVjcXPs17LhbZVGedAJv8XZ1tvj5FvSg==",
            "license": "MIT"
        },
        "node_modules/lodash.invert": {
            "version": "4.3.0",
            "resolved": "https://registry.npmjs.org/lodash.invert/-/lodash.invert-4.3.0.tgz",
            "integrity": "sha512-3CJmOxN5y47rd+g5XjdZNcq2SorJkvlSqBwPomT094p6LZ4p7b5bUoRzYYMjwsTGWTW77z/dFZlCzeVQxBrZVg==",
            "license": "MIT"
        },
        "node_modules/markov-chains": {
            "version": "1.0.2",
            "resolved": "https://registry.npmjs.org/markov-chains/-/markov-chains-1.0.2.tgz",
            "integrity": "sha512-scd8Jw2RzWB7oJ4jR0nc106eimJ/MyWTq+M9oq0dkTiWx0J/nWJjcyyqXkLeI5mSbodCbU++zJBB3LrkFbDBGg==",
            "license": "MIT",
            "dependencies": {
                "javascript-stringify": "^1.1.0"
            }
        },
        "node_modules/math-intrinsics": {
            "version": "1.1.0",
            "resolved": "https://registry.npmjs.org/math-intrinsics/-/math-intrinsics-1.1.0.tgz",
            "integrity": "sha512-/IXtbwEk5HTPyEwyKX6hGkYXxM9nbj64B+ilVJnC/R6B0pH5G4V3b0pVbL7DBj4tkhBAppbQUlf6F6Xl9LHu1g==",
            "license": "MIT",
            "engines": {
                "node": ">= 0.4"
            }
        },
        "node_modules/object-keys": {
            "version": "1.1.1",
            "resolved": "https://registry.npmjs.org/object-keys/-/object-keys-1.1.1.tgz",
            "integrity": "sha512-NuAESUOUMrlIXOfHKzD6bpPu3tYt3xvjNdRIQ+FeT0lNb4K8WR70CaDxhuNguS2XG+GjkyMwOzsN5ZktImfhLA==",
            "license": "MIT",
            "engines": {
                "node": ">= 0.4"
            }
        },
        "node_modules/object.assign": {
            "version": "4.1.7",
            "resolved": "https://registry.npmjs.org/object.assign/-/object.assign-4.1.7.tgz",
            "integrity": "sha512-nK28WOo+QIjBkDduTINE4JkF/UJJKyf2EJxvJKfblDpyg0Q+pkOHNTL0Qwy6NP6FhE/EnzV73BxxqcJaXY9anw==",
            "license": "MIT",
            "dependencies": {
                "call-bind": "^1.0.8",
                "call-bound": "^1.0.3",
                "define-properties": "^1.2.1",
                "es-object-atoms": "^1.0.0",
                "has-symbols": "^1.1.0",
                "object-keys": "^1.1.1"
            },
            "engines": {
                "node": ">= 0.4"
            },
            "funding": {
                "url": "https://github.com/sponsors/ljharb"
            }
        },
        "node_modules/oktjs": {
            "version": "0.1.3",
            "resolved": "https://registry.npmjs.org/oktjs/-/oktjs-0.1.3.tgz",
            "integrity": "sha512-19ZPF63M3AaojpDE4pGNcymYWkAEhzBsE7U4knmBrzd51vxsGvFbTOWp1Q/4Deh15dbkAmyWkFHw9e39Av+HEA==",
            "license": "Apache-2.0"
        },
        "node_modules/pinyin-pro": {
            "version": "3.26.0",
            "resolved": "https://registry.npmjs.org/pinyin-pro/-/pinyin-pro-3.26.0.tgz",
            "integrity": "sha512-HcBZZb0pvm0/JkPhZHWA5Hqp2cWHXrrW/WrV+OtaYYM+kf35ffvZppIUuGmyuQ7gDr1JDJKMkbEE+GN0wfMoGg==",
            "license": "MIT"
        },
        "node_modules/set-function-length": {
            "version": "1.2.2",
            "resolved": "https://registry.npmjs.org/set-function-length/-/set-function-length-1.2.2.tgz",
            "integrity": "sha512-pgRc4hJ4/sNjWCSS9AmnS40x3bNMDTknHgL5UaMBTMyJnU90EgWh1Rz+MC9eFu4BuN/UwZjKQuY/1v3rM7HMfg==",
            "license": "MIT",
            "dependencies": {
                "define-data-property": "^1.1.4",
                "es-errors": "^1.3.0",
                "function-bind": "^1.1.2",
                "get-intrinsic": "^1.2.4",
                "gopd": "^1.0.1",
                "has-property-descriptors": "^1.0.2"
            },
            "engines": {
                "node": ">= 0.4"
            }
        },
        "node_modules/stopwords-th": {
            "version": "0.2.0",
            "resolved": "https://registry.npmjs.org/stopwords-th/-/stopwords-th-0.2.0.tgz",
            "integrity": "sha512-NfqvDEyCXNWy+JZ4zx/oZBajmemuSTm77kq9bfP8QFglliMBXIcVbYKUtb511PsnB5doNkmDLXnuSzjm9ZhkJQ==",
            "license": "MIT",
            "engines": {
                "node": ">=0.10.0"
            }
        },
        "node_modules/tnthai": {
            "version": "1.0.4",
            "resolved": "https://registry.npmjs.org/tnthai/-/tnthai-1.0.4.tgz",
            "integrity": "sha512-NHr1s3EC4r5oS7MP6sami/XhzAx5TdVaYjBVzCZhz8SkOaBq+RCnVNc2E12HfevcY0H3o3dNTBlpTB7cEQ7uBw==",
            "license": "MIT",
            "dependencies": {
                "assert": "^1.4.1",
                "doublearray": "0.0.2",
                "fs": "0.0.1-security",
                "markov-chains": "^1.0.2",
                "stopwords-th": "^0.2.0"
            }
        },
        "node_modules/toml": {
            "version": "2.3.6",
            "resolved": "https://registry.npmjs.org/toml/-/toml-2.3.6.tgz",
            "integrity": "sha512-gVweAectJU3ebq//Ferr2JUY4WKSDe5N+z0FvjDncLGyHmIDoxgY/2Ie4qfEIDm4IS7OA6Rmdm7pdEEdMcV/xQ==",
            "license": "MIT"
        },
        "node_modules/typescript": {
            "version": "5.8.3",
            "resolved": "https://registry.npmjs.org/typescript/-/typescript-5.8.3.tgz",
            "integrity": "sha512-p1diW6TqL9L07nNxvRMM7hMMw4c5XOo/1ibL4aAIGmSAt9slTE1Xgw5KWuof2uTOvCg9BY7ZRi+GaF+7sfgPeQ==",
            "license": "Apache-2.0",
            "bin": {
                "tsc": "bin/tsc",
                "tsserver": "bin/tsserver"
            },
            "engines": {
                "node": ">=14.17"
            }
        },
        "node_modules/undici-types": {
            "version": "6.21.0",
            "resolved": "https://registry.npmjs.org/undici-types/-/undici-types-6.21.0.tgz",
            "integrity": "sha512-iwDZqg0QAGrg9Rav5H4n0M64c3mkR59cJ6wQp+7C4nI0gsmExaedaYLNO44eT4AtBBwjbTiGPMlt2Md0T9H9JQ==",
            "dev": true,
            "license": "MIT"
        },
        "node_modules/util": {
            "version": "0.10.4",
            "resolved": "https://registry.npmjs.org/util/-/util-0.10.4.tgz",
            "integrity": "sha512-0Pm9hTQ3se5ll1XihRic3FDIku70C+iHUdT/W926rSgHV5QgXsYbKZN8MSC3tJtSkhuROzvsQjAaFENRXr+19A==",
            "license": "MIT",
            "dependencies": {
                "inherits": "2.0.3"
            }
        },
        "node_modules/zlibjs": {
            "version": "0.3.1",
            "resolved": "https://registry.npmjs.org/zlibjs/-/zlibjs-0.3.1.tgz",
            "integrity": "sha512-+J9RrgTKOmlxFSDHo0pI1xM6BLVUv+o0ZT9ANtCxGkjIVCCUdx9alUF8Gm+dGLKbkkkidWIHFDZHDMpfITt4+w==",
            "license": "MIT",
            "engines": {
                "node": "*"
            }
        }
    }
}
